
Microsoft Visual Studio Solution File, Format Version 12.00
# Visual Studio Version 17
VisualStudioVersion = 17.4.33403.182
MinimumVisualStudioVersion = 10.0.40219.1
Project("{FAE04EC0-301F-11D3-BF4B-00C04F79EFBC}") = "HelloWorld_0312", "HelloWorld_0312.csproj", "{87E16DF7-74BD-4B71-BB2B-94E520D51B46}"
EndProject
Global
	GlobalSection(SolutionConfigurationPlatforms) = preSolution
		Debug|Any CPU = Debug|Any CPU
		Release|Any CPU = Release|Any CPU
	EndGlobalSection
	GlobalSection(ProjectConfigurationPlatforms) = postSolution
		{87E16DF7-74BD-4B71-BB2B-94E520D51B46}.Debug|Any CPU.ActiveCfg = Debug|Any CPU
		{87E16DF7-74BD-4B71-BB2B-94E520D51B46}.Debug|Any CPU.Build.0 = Debug|Any CPU
		{87E16DF7-74BD-4B71-BB2B-94E520D51B46}.Release|Any CPU.ActiveCfg = Release|Any CPU
		{87E16DF7-74BD-4B71-BB2B-94E520D51B46}.Release|Any CPU.Build.0 = Release|Any CPU
	EndGlobalSection
	GlobalSection(SolutionProperties) = preSolution
		HideSolutionNode = FALSE
	EndGlobalSection
	GlobalSection(ExtensibilityGlobals) = postSolution
		SolutionGuid = {BB08DDE1-D5BC-407C-BE1D-E7AA15E16A8B}
	EndGlobalSection
EndGlobal
